// !$*UTF8*$!
{
	archiveVersion = 1;
	classes = {
	};
	objectVersion = 46;
	objects = {

/* Begin PBXBuildFile section */
		664FBCF118AB8CC1005870BC /* Cocoa.framework in Frameworks */ = {isa = PBXBuildFile; fileRef = 664FBCF018AB8CC1005870BC /* Cocoa.framework */; };
		664FBCFB18AB8CC1005870BC /* InfoPlist.strings in Resources */ = {isa = PBXBuildFile; fileRef = 664FBCF918AB8CC1005870BC /* InfoPlist.strings */; };
		664FBCFD18AB8CC1005870BC /* main.m in Sources */ = {isa = PBXBuildFile; fileRef = 664FBCFC18AB8CC1005870BC /* main.m */; };
		664FBD0118AB8CC1005870BC /* Credits.rtf in Resources */ = {isa = PBXBuildFile; fileRef = 664FBCFF18AB8CC1005870BC /* Credits.rtf */; };
		664FBD0418AB8CC1005870BC /* AppDelegate.m in Sources */ = {isa = PBXBuildFile; fileRef = 664FBD0318AB8CC1005870BC /* AppDelegate.m */; };
		664FBD0718AB8CC1005870BC /* MainMenu.xib in Resources */ = {isa = PBXBuildFile; fileRef = 664FBD0518AB8CC1005870BC /* MainMenu.xib */; };
		664FBD0918AB8CC1005870BC /* Images.xcassets in Resources */ = {isa = PBXBuildFile; fileRef = 664FBD0818AB8CC1005870BC /* Images.xcassets */; };
		664FBD1018AB8CC1005870BC /* XCTest.framework in Frameworks */ = {isa = PBXBuildFile; fileRef = 664FBD0F18AB8CC1005870BC /* XCTest.framework */; };
		664FBD1118AB8CC1005870BC /* Cocoa.framework in Frameworks */ = {isa = PBXBuildFile; fileRef = 664FBCF018AB8CC1005870BC /* Cocoa.framework */; };
		664FBD1918AB8CC1005870BC /* InfoPlist.strings in Resources */ = {isa = PBXBuildFile; fileRef = 664FBD1718AB8CC1005870BC /* InfoPlist.strings */; };
		664FBD1B18AB8CC1005870BC /* iOS_ArtworkTests.m in Sources */ = {isa = PBXBuildFile; fileRef = 664FBD1A18AB8CC1005870BC /* iOS_ArtworkTests.m */; };
/* End PBXBuildFile section */

/* Begin PBXContainerItemProxy section */
		664FBD1218AB8CC1005870BC /* PBXContainerItemProxy */ = {
			isa = PBXContainerItemProxy;
			containerPortal = 664FBCE518AB8CC0005870BC /* Project object */;
			proxyType = 1;
			remoteGlobalIDString = 664FBCEC18AB8CC0005870BC;
			remoteInfo = "iOS Artwork";
		};
/* End PBXContainerItemProxy section */

/* Begin PBXFileReference section */
		664FBCED18AB8CC1005870BC /* iOS Artwork.app */ = {isa = PBXFileReference; explicitFileType = wrapper.application; includeInIndex = 0; path = "iOS Artwork.app"; sourceTree = BUILT_PRODUCTS_DIR; };
		664FBCF018AB8CC1005870BC /* Cocoa.framework */ = {isa = PBXFileReference; lastKnownFileType = wrapper.framework; name = Cocoa.framework; path = System/Library/Frameworks/Cocoa.framework; sourceTree = SDKROOT; };
		664FBCF318AB8CC1005870BC /* AppKit.framework */ = {isa = PBXFileReference; lastKnownFileType = wrapper.framework; name = AppKit.framework; path = System/Library/Frameworks/AppKit.framework; sourceTree = SDKROOT; };
		664FBCF418AB8CC1005870BC /* CoreData.framework */ = {isa = PBXFileReference; lastKnownFileType = wrapper.framework; name = CoreData.framework; path = System/Library/Frameworks/CoreData.framework; sourceTree = SDKROOT; };
		664FBCF518AB8CC1005870BC /* Foundation.framework */ = {isa = PBXFileReference; lastKnownFileType = wrapper.framework; name = Foundation.framework; path = System/Library/Frameworks/Foundation.framework; sourceTree = SDKROOT; };
		664FBCF818AB8CC1005870BC /* iOS Artwork-Info.plist */ = {isa = PBXFileReference; lastKnownFileType = text.plist.xml; path = "iOS Artwork-Info.plist"; sourceTree = "<group>"; };
		664FBCFA18AB8CC1005870BC /* en */ = {isa = PBXFileReference; lastKnownFileType = text.plist.strings; name = en; path = en.lproj/InfoPlist.strings; sourceTree = "<group>"; };
		664FBCFC18AB8CC1005870BC /* main.m */ = {isa = PBXFileReference; lastKnownFileType = sourcecode.c.objc; path = main.m; sourceTree = "<group>"; };
		664FBCFE18AB8CC1005870BC /* iOS Artwork-Prefix.pch */ = {isa = PBXFileReference; lastKnownFileType = sourcecode.c.h; path = "iOS Artwork-Prefix.pch"; sourceTree = "<group>"; };
		664FBD0018AB8CC1005870BC /* en */ = {isa = PBXFileReference; lastKnownFileType = text.rtf; name = en; path = en.lproj/Credits.rtf; sourceTree = "<group>"; };
		664FBD0218AB8CC1005870BC /* AppDelegate.h */ = {isa = PBXFileReference; lastKnownFileType = sourcecode.c.h; path = AppDelegate.h; sourceTree = "<group>"; };
		664FBD0318AB8CC1005870BC /* AppDelegate.m */ = {isa = PBXFileReference; lastKnownFileType = sourcecode.c.objc; path = AppDelegate.m; sourceTree = "<group>"; };
		664FBD0618AB8CC1005870BC /* Base */ = {isa = PBXFileReference; lastKnownFileType = file.xib; name = Base; path = Base.lproj/MainMenu.xib; sourceTree = "<group>"; };
		664FBD0818AB8CC1005870BC /* Images.xcassets */ = {isa = PBXFileReference; lastKnownFileType = folder.assetcatalog; path = Images.xcassets; sourceTree = "<group>"; };
		664FBD0E18AB8CC1005870BC /* iOS ArtworkTests.xctest */ = {isa = PBXFileReference; explicitFileType = wrapper.cfbundle; includeInIndex = 0; path = "iOS ArtworkTests.xctest"; sourceTree = BUILT_PRODUCTS_DIR; };
		664FBD0F18AB8CC1005870BC /* XCTest.framework */ = {isa = PBXFileReference; lastKnownFileType = wrapper.framework; name = XCTest.framework; path = Library/Frameworks/XCTest.framework; sourceTree = DEVELOPER_DIR; };
		664FBD1618AB8CC1005870BC /* iOS ArtworkTests-Info.plist */ = {isa = PBXFileReference; lastKnownFileType = text.plist.xml; path = "iOS ArtworkTests-Info.plist"; sourceTree = "<group>"; };
		664FBD1818AB8CC1005870BC /* en */ = {isa = PBXFileReference; lastKnownFileType = text.plist.strings; name = en; path = en.lproj/InfoPlist.strings; sourceTree = "<group>"; };
		664FBD1A18AB8CC1005870BC /* iOS_ArtworkTests.m */ = {isa = PBXFileReference; lastKnownFileType = sourcecode.c.objc; path = iOS_ArtworkTests.m; sourceTree = "<group>"; };
/* End PBXFileReference section */

/* Begin PBXFrameworksBuildPhase section */
		664FBCEA18AB8CC0005870BC /* Frameworks */ = {
			isa = PBXFrameworksBuildPhase;
			buildActionMask = 2147483647;
			files = (
				664FBCF118AB8CC1005870BC /* Cocoa.framework in Frameworks */,
			);
			runOnlyForDeploymentPostprocessing = 0;
		};
		664FBD0B18AB8CC1005870BC /* Frameworks */ = {
			isa = PBXFrameworksBuildPhase;
			buildActionMask = 2147483647;
			files = (
				664FBD1118AB8CC1005870BC /* Cocoa.framework in Frameworks */,
				664FBD1018AB8CC1005870BC /* XCTest.framework in Frameworks */,
			);
			runOnlyForDeploymentPostprocessing = 0;
		};
/* End PBXFrameworksBuildPhase section */

/* Begin PBXGroup section */
		664FBCE418AB8CC0005870BC = {
			isa = PBXGroup;
			children = (
				664FBCF618AB8CC1005870BC /* iOS Artwork */,
				664FBD1418AB8CC1005870BC /* iOS ArtworkTests */,
				664FBCEF18AB8CC1005870BC /* Frameworks */,
				664FBCEE18AB8CC1005870BC /* Products */,
			);
			sourceTree = "<group>";
		};
		664FBCEE18AB8CC1005870BC /* Products */ = {
			isa = PBXGroup;
			children = (
				664FBCED18AB8CC1005870BC /* iOS Artwork.app */,
				664FBD0E18AB8CC1005870BC /* iOS ArtworkTests.xctest */,
			);
			name = Products;
			sourceTree = "<group>";
		};
		664FBCEF18AB8CC1005870BC /* Frameworks */ = {
			isa = PBXGroup;
			children = (
				664FBCF018AB8CC1005870BC /* Cocoa.framework */,
				664FBD0F18AB8CC1005870BC /* XCTest.framework */,
				664FBCF218AB8CC1005870BC /* Other Frameworks */,
			);
			name = Frameworks;
			sourceTree = "<group>";
		};
		664FBCF218AB8CC1005870BC /* Other Frameworks */ = {
			isa = PBXGroup;
			children = (
				664FBCF318AB8CC1005870BC /* AppKit.framework */,
				664FBCF418AB8CC1005870BC /* CoreData.framework */,
				664FBCF518AB8CC1005870BC /* Foundation.framework */,
			);
			name = "Other Frameworks";
			sourceTree = "<group>";
		};
		664FBCF618AB8CC1005870BC /* iOS Artwork */ = {
			isa = PBXGroup;
			children = (
				664FBD0218AB8CC1005870BC /* AppDelegate.h */,
				664FBD0318AB8CC1005870BC /* AppDelegate.m */,
				664FBD0518AB8CC1005870BC /* MainMenu.xib */,
				664FBD0818AB8CC1005870BC /* Images.xcassets */,
				664FBCF718AB8CC1005870BC /* Supporting Files */,
			);
			path = "iOS Artwork";
			sourceTree = "<group>";
		};
		664FBCF718AB8CC1005870BC /* Supporting Files */ = {
			isa = PBXGroup;
			children = (
				664FBCF818AB8CC1005870BC /* iOS Artwork-Info.plist */,
				664FBCF918AB8CC1005870BC /* InfoPlist.strings */,
				664FBCFC18AB8CC1005870BC /* main.m */,
				664FBCFE18AB8CC1005870BC /* iOS Artwork-Prefix.pch */,
				664FBCFF18AB8CC1005870BC /* Credits.rtf */,
			);
			name = "Supporting Files";
			sourceTree = "<group>";
		};
		664FBD1418AB8CC1005870BC /* iOS ArtworkTests */ = {
			isa = PBXGroup;
			children = (
				664FBD1A18AB8CC1005870BC /* iOS_ArtworkTests.m */,
				664FBD1518AB8CC1005870BC /* Supporting Files */,
			);
			path = "iOS ArtworkTests";
			sourceTree = "<group>";
		};
		664FBD1518AB8CC1005870BC /* Supporting Files */ = {
			isa = PBXGroup;
			children = (
				664FBD1618AB8CC1005870BC /* iOS ArtworkTests-Info.plist */,
				664FBD1718AB8CC1005870BC /* InfoPlist.strings */,
			);
			name = "Supporting Files";
			sourceTree = "<group>";
		};
/* End PBXGroup section */

/* Begin PBXNativeTarget section */
		664FBCEC18AB8CC0005870BC /* iOS Artwork */ = {
			isa = PBXNativeTarget;
			buildConfigurationList = 664FBD1E18AB8CC1005870BC /* Build configuration list for PBXNativeTarget "iOS Artwork" */;
			buildPhases = (
				664FBCE918AB8CC0005870BC /* Sources */,
				664FBCEA18AB8CC0005870BC /* Frameworks */,
				664FBCEB18AB8CC0005870BC /* Resources */,
			);
			buildRules = (
			);
			dependencies = (
			);
			name = "iOS Artwork";
			productName = "iOS Artwork";
			productReference = 664FBCED18AB8CC1005870BC /* iOS Artwork.app */;
			productType = "com.apple.product-type.application";
		};
		664FBD0D18AB8CC1005870BC /* iOS ArtworkTests */ = {
			isa = PBXNativeTarget;
			buildConfigurationList = 664FBD2118AB8CC1005870BC /* Build configuration list for PBXNativeTarget "iOS ArtworkTests" */;
			buildPhases = (
				664FBD0A18AB8CC1005870BC /* Sources */,
				664FBD0B18AB8CC1005870BC /* Frameworks */,
				664FBD0C18AB8CC1005870BC /* Resources */,
			);
			buildRules = (
			);
			dependencies = (
				664FBD1318AB8CC1005870BC /* PBXTargetDependency */,
			);
			name = "iOS ArtworkTests";
			productName = "iOS ArtworkTests";
			productReference = 664FBD0E18AB8CC1005870BC /* iOS ArtworkTests.xctest */;
			productType = "com.apple.product-type.bundle.unit-test";
		};
/* End PBXNativeTarget section */

/* Begin PBXProject section */
		664FBCE518AB8CC0005870BC /* Project object */ = {
			isa = PBXProject;
			attributes = {
				LastUpgradeCheck = 0500;
				ORGANIZATIONNAME = Resonance;
				TargetAttributes = {
					664FBD0D18AB8CC1005870BC = {
						TestTargetID = 664FBCEC18AB8CC0005870BC;
					};
				};
			};
			buildConfigurationList = 664FBCE818AB8CC0005870BC /* Build configuration list for PBXProject "iOS Artwork" */;
			compatibilityVersion = "Xcode 3.2";
			developmentRegion = English;
			hasScannedForEncodings = 0;
			knownRegions = (
				en,
				Base,
			);
			mainGroup = 664FBCE418AB8CC0005870BC;
			productRefGroup = 664FBCEE18AB8CC1005870BC /* Products */;
			projectDirPath = "";
			projectRoot = "";
			targets = (
				664FBCEC18AB8CC0005870BC /* iOS Artwork */,
				664FBD0D18AB8CC1005870BC /* iOS ArtworkTests */,
			);
		};
/* End PBXProject section */

/* Begin PBXResourcesBuildPhase section */
		664FBCEB18AB8CC0005870BC /* Resources */ = {
			isa = PBXResourcesBuildPhase;
			buildActionMask = 2147483647;
			files = (
				664FBCFB18AB8CC1005870BC /* InfoPlist.strings in Resources */,
				664FBD0918AB8CC1005870BC /* Images.xcassets in Resources */,
				664FBD0118AB8CC1005870BC /* Credits.rtf in Resources */,
				664FBD0718AB8CC1005870BC /* MainMenu.xib in Resources */,
			);
			runOnlyForDeploymentPostprocessing = 0;
		};
		664FBD0C18AB8CC1005870BC /* Resources */ = {
			isa = PBXResourcesBuildPhase;
			buildActionMask = 2147483647;
			files = (
				664FBD1918AB8CC1005870BC /* InfoPlist.strings in Resources */,
			);
			runOnlyForDeploymentPostprocessing = 0;
		};
/* End PBXResourcesBuildPhase section */

/* Begin PBXSourcesBuildPhase section */
		664FBCE918AB8CC0005870BC /* Sources */ = {
			isa = PBXSourcesBuildPhase;
			buildActionMask = 2147483647;
			files = (
				664FBD0418AB8CC1005870BC /* AppDelegate.m in Sources */,
				664FBCFD18AB8CC1005870BC /* main.m in Sources */,
			);
			runOnlyForDeploymentPostprocessing = 0;
		};
		664FBD0A18AB8CC1005870BC /* Sources */ = {
			isa = PBXSourcesBuildPhase;
			buildActionMask = 2147483647;
			files = (
				664FBD1B18AB8CC1005870BC /* iOS_ArtworkTests.m in Sources */,
			);
			runOnlyForDeploymentPostprocessing = 0;
		};
/* End PBXSourcesBuildPhase section */

/* Begin PBXTargetDependency section */
		664FBD1318AB8CC1005870BC /* PBXTargetDependency */ = {
			isa = PBXTargetDependency;
			target = 664FBCEC18AB8CC0005870BC /* iOS Artwork */;
			targetProxy = 664FBD1218AB8CC1005870BC /* PBXContainerItemProxy */;
		};
/* End PBXTargetDependency section */

/* Begin PBXVariantGroup section */
		664FBCF918AB8CC1005870BC /* InfoPlist.strings */ = {
			isa = PBXVariantGroup;
			children = (
				664FBCFA18AB8CC1005870BC /* en */,
			);
			name = InfoPlist.strings;
			sourceTree = "<group>";
		};
		664FBCFF18AB8CC1005870BC /* Credits.rtf */ = {
			isa = PBXVariantGroup;
			children = (
				664FBD0018AB8CC1005870BC /* en */,
			);
			name = Credits.rtf;
			sourceTree = "<group>";
		};
		664FBD0518AB8CC1005870BC /* MainMenu.xib */ = {
			isa = PBXVariantGroup;
			children = (
				664FBD0618AB8CC1005870BC /* Base */,
			);
			name = MainMenu.xib;
			sourceTree = "<group>";
		};
		664FBD1718AB8CC1005870BC /* InfoPlist.strings */ = {
			isa = PBXVariantGroup;
			children = (
				664FBD1818AB8CC1005870BC /* en */,
			);
			name = InfoPlist.strings;
			sourceTree = "<group>";
		};
/* End PBXVariantGroup section */

/* Begin XCBuildConfiguration section */
		664FBD1C18AB8CC1005870BC /* Debug */ = {
			isa = XCBuildConfiguration;
			buildSettings = {
				ALWAYS_SEARCH_USER_PATHS = NO;
				CLANG_CXX_LANGUAGE_STANDARD = "gnu++0x";
				CLANG_CXX_LIBRARY = "libc++";
				CLANG_ENABLE_OBJC_ARC = YES;
				CLANG_WARN_BOOL_CONVERSION = YES;
				CLANG_WARN_CONSTANT_CONVERSION = YES;
				CLANG_WARN_DIRECT_OBJC_ISA_USAGE = YES_ERROR;
				CLANG_WARN_EMPTY_BODY = YES;
				CLANG_WARN_ENUM_CONVERSION = YES;
				CLANG_WARN_INT_CONVERSION = YES;
				CLANG_WARN_OBJC_ROOT_CLASS = YES_ERROR;
				CLANG_WARN__DUPLICATE_METHOD_MATCH = YES;
				COPY_PHASE_STRIP = NO;
				GCC_C_LANGUAGE_STANDARD = gnu99;
				GCC_DYNAMIC_NO_PIC = NO;
				GCC_ENABLE_OBJC_EXCEPTIONS = YES;
				GCC_OPTIMIZATION_LEVEL = 0;
				GCC_PREPROCESSOR_DEFINITIONS = (
					"DEBUG=1",
					"$(inherited)",
				);
				GCC_SYMBOLS_PRIVATE_EXTERN = NO;
				GCC_WARN_64_TO_32_BIT_CONVERSION = YES;
				GCC_WARN_ABOUT_RETURN_TYPE = YES_ERROR;
				GCC_WARN_UNDECLARED_SELECTOR = YES;
				GCC_WARN_UNINITIALIZED_AUTOS = YES;
				GCC_WARN_UNUSED_FUNCTION = YES;
				GCC_WARN_UNUSED_VARIABLE = YES;
				MACOSX_DEPLOYMENT_TARGET = 10.9;
				ONLY_ACTIVE_ARCH = YES;
				SDKROOT = macosx;
			};
			name = Debug;
		};
		664FBD1D18AB8CC1005870BC /* Release */ = {
			isa = XCBuildConfiguration;
			buildSettings = {
				ALWAYS_SEARCH_USER_PATHS = NO;
				CLANG_CXX_LANGUAGE_STANDARD = "gnu++0x";
				CLANG_CXX_LIBRARY = "libc++";
				CLANG_ENABLE_OBJC_ARC = YES;
				CLANG_WARN_BOOL_CONVERSION = YES;
				CLANG_WARN_CONSTANT_CONVERSION = YES;
				CLANG_WARN_DIRECT_OBJC_ISA_USAGE = YES_ERROR;
				CLANG_WARN_EMPTY_BODY = YES;
				CLANG_WARN_ENUM_CONVERSION = YES;
				CLANG_WARN_INT_CONVERSION = YES;
				CLANG_WARN_OBJC_ROOT_CLASS = YES_ERROR;
				CLANG_WARN__DUPLICATE_METHOD_MATCH = YES;
				COPY_PHASE_STRIP = YES;
				DEBUG_INFORMATION_FORMAT = "dwarf-with-dsym";
				ENABLE_NS_ASSERTIONS = NO;
				GCC_C_LANGUAGE_STANDARD = gnu99;
				GCC_ENABLE_OBJC_EXCEPTIONS = YES;
				GCC_WARN_64_TO_32_BIT_CONVERSION = YES;
				GCC_WARN_ABOUT_RETURN_TYPE = YES_ERROR;
				GCC_WARN_UNDECLARED_SELECTOR = YES;
				GCC_WARN_UNINITIALIZED_AUTOS = YES;
				GCC_WARN_UNUSED_FUNCTION = YES;
				GCC_WARN_UNUSED_VARIABLE = YES;
				MACOSX_DEPLOYMENT_TARGET = 10.9;
				SDKROOT = macosx;
			};
			name = Release;
		};
		664FBD1F18AB8CC1005870BC /* Debug */ = {
			isa = XCBuildConfiguration;
			buildSettings = {
				ASSETCATALOG_COMPILER_APPICON_NAME = AppIcon;
				COMBINE_HIDPI_IMAGES = YES;
				GCC_PRECOMPILE_PREFIX_HEADER = YES;
				GCC_PREFIX_HEADER = "iOS Artwork/iOS Artwork-Prefix.pch";
				INFOPLIST_FILE = "iOS Artwork/iOS Artwork-Info.plist";
				PRODUCT_NAME = "$(TARGET_NAME)";
				WRAPPER_EXTENSION = app;
			};
			name = Debug;
		};
		664FBD2018AB8CC1005870BC /* Release */ = {
			isa = XCBuildConfiguration;
			buildSettings = {
				ASSETCATALOG_COMPILER_APPICON_NAME = AppIcon;
				COMBINE_HIDPI_IMAGES = YES;
				GCC_PRECOMPILE_PREFIX_HEADER = YES;
				GCC_PREFIX_HEADER = "iOS Artwork/iOS Artwork-Prefix.pch";
				INFOPLIST_FILE = "iOS Artwork/iOS Artwork-Info.plist";
				PRODUCT_NAME = "$(TARGET_NAME)";
				WRAPPER_EXTENSION = app;
			};
			name = Release;
		};
		664FBD2218AB8CC1005870BC /* Debug */ = {
			isa = XCBuildConfiguration;
			buildSettings = {
				BUNDLE_LOADER = "$(BUILT_PRODUCTS_DIR)/iOS Artwork.app/Contents/MacOS/iOS Artwork";
				COMBINE_HIDPI_IMAGES = YES;
				FRAMEWORK_SEARCH_PATHS = (
					"$(DEVELOPER_FRAMEWORKS_DIR)",
					"$(inherited)",
				);
				GCC_PRECOMPILE_PREFIX_HEADER = YES;
				GCC_PREFIX_HEADER = "iOS Artwork/iOS Artwork-Prefix.pch";
				GCC_PREPROCESSOR_DEFINITIONS = (
					"DEBUG=1",
					"$(inherited)",
				);
				INFOPLIST_FILE = "iOS ArtworkTests/iOS ArtworkTests-Info.plist";
				PRODUCT_NAME = "$(TARGET_NAME)";
				TEST_HOST = "$(BUNDLE_LOADER)";
				WRAPPER_EXTENSION = xctest;
			};
			name = Debug;
		};
		664FBD2318AB8CC1005870BC /* Release */ = {
			isa = XCBuildConfiguration;
			buildSettings = {
				BUNDLE_LOADER = "$(BUILT_PRODUCTS_DIR)/iOS Artwork.app/Contents/MacOS/iOS Artwork";
				COMBINE_HIDPI_IMAGES = YES;
				FRAMEWORK_SEARCH_PATHS = (
					"$(DEVELOPER_FRAMEWORKS_DIR)",
					"$(inherited)",
				);
				GCC_PRECOMPILE_PREFIX_HEADER = YES;
				GCC_PREFIX_HEADER = "iOS Artwork/iOS Artwork-Prefix.pch";
				INFOPLIST_FILE = "iOS ArtworkTests/iOS ArtworkTests-Info.plist";
				PRODUCT_NAME = "$(TARGET_NAME)";
				TEST_HOST = "$(BUNDLE_LOADER)";
				WRAPPER_EXTENSION = xctest;
			};
			name = Release;
		};
/* End XCBuildConfiguration section */

/* Begin XCConfigurationList section */
		664FBCE818AB8CC0005870BC /* Build configuration list for PBXProject "iOS Artwork" */ = {
			isa = XCConfigurationList;
			buildConfigurations = (
				664FBD1C18AB8CC1005870BC /* Debug */,
				664FBD1D18AB8CC1005870BC /* Release */,
			);
			defaultConfigurationIsVisible = 0;
			defaultConfigurationName = Release;
		};
		664FBD1E18AB8CC1005870BC /* Build configuration list for PBXNativeTarget "iOS Artwork" */ = {
			isa = XCConfigurationList;
			buildConfigurations = (
				664FBD1F18AB8CC1005870BC /* Debug */,
				664FBD2018AB8CC1005870BC /* Release */,
			);
			defaultConfigurationIsVisible = 0;
		};
		664FBD2118AB8CC1005870BC /* Build configuration list for PBXNativeTarget "iOS ArtworkTests" */ = {
			isa = XCConfigurationList;
			buildConfigurations = (
				664FBD2218AB8CC1005870BC /* Debug */,
				664FBD2318AB8CC1005870BC /* Release */,
			);
			defaultConfigurationIsVisible = 0;
		};
/* End XCConfigurationList section */
	};
	rootObject = 664FBCE518AB8CC0005870BC /* Project object */;
}
